// !$*UTF8*$!
{
	archiveVersion = 1;
	classes = {
	};
	objectVersion = 48;
	objects = {

/* Begin PBXBuildFile section */
		DE7835CE1FC45FED0050DC48 /* Starscream.framework in Frameworks */ = {isa = PBXBuildFile; fileRef = DE7835CC1FC45FED0050DC48 /* Starscream.framework */; };
		DE7835CF1FC45FED0050DC48 /* SocketIO.framework in Frameworks */ = {isa = PBXBuildFile; fileRef = DE7835CD1FC45FED0050DC48 /* SocketIO.framework */; };
		DE7835DB1FC469690050DC48 /* Images.xcassets in Resources */ = {isa = PBXBuildFile; fileRef = DE7835DA1FC469690050DC48 /* Images.xcassets */; };
		DE9578161FBDD81800F6A500 /* SocketIOManager.swift in Sources */ = {isa = PBXBuildFile; fileRef = DE9578151FBDD81800F6A500 /* SocketIOManager.swift */; };
		DE9578181FBDDBDA00F6A500 /* MotionHelper.swift in Sources */ = {isa = PBXBuildFile; fileRef = DE9578171FBDDBDA00F6A500 /* MotionHelper.swift */; };
		DE9BA1201FBDD19900F149D5 /* AppDelegate.swift in Sources */ = {isa = PBXBuildFile; fileRef = DE9BA11F1FBDD19900F149D5 /* AppDelegate.swift */; };
		DE9BA1221FBDD19900F149D5 /* ViewController.swift in Sources */ = {isa = PBXBuildFile; fileRef = DE9BA1211FBDD19900F149D5 /* ViewController.swift */; };
		DE9BA1251FBDD19900F149D5 /* Main.storyboard in Resources */ = {isa = PBXBuildFile; fileRef = DE9BA1231FBDD19900F149D5 /* Main.storyboard */; };
		DE9BA12A1FBDD19900F149D5 /* LaunchScreen.storyboard in Resources */ = {isa = PBXBuildFile; fileRef = DE9BA1281FBDD19900F149D5 /* LaunchScreen.storyboard */; };
		DE9BA1351FBDD19900F149D5 /* AccelleroTests.swift in Sources */ = {isa = PBXBuildFile; fileRef = DE9BA1341FBDD19900F149D5 /* AccelleroTests.swift */; };
/* End PBXBuildFile section */

/* Begin PBXContainerItemProxy section */
		DE9BA1311FBDD19900F149D5 /* PBXContainerItemProxy */ = {
			isa = PBXContainerItemProxy;
			containerPortal = DE9BA1141FBDD19900F149D5 /* Project object */;
			proxyType = 1;
			remoteGlobalIDString = DE9BA11B1FBDD19900F149D5;
			remoteInfo = Accellero;
		};
/* End PBXContainerItemProxy section */

/* Begin PBXFileReference section */
		DE7835CC1FC45FED0050DC48 /* Starscream.framework */ = {isa = PBXFileReference; lastKnownFileType = wrapper.framework; name = Starscream.framework; path = Framework/Carthage/Build/iOS/Starscream.framework; sourceTree = "<group>"; };
		DE7835CD1FC45FED0050DC48 /* SocketIO.framework */ = {isa = PBXFileReference; lastKnownFileType = wrapper.framework; name = SocketIO.framework; path = Framework/Carthage/Build/iOS/SocketIO.framework; sourceTree = "<group>"; };
		DE7835DA1FC469690050DC48 /* Images.xcassets */ = {isa = PBXFileReference; lastKnownFileType = folder.assetcatalog; path = Images.xcassets; sourceTree = "<group>"; };
		DE9578151FBDD81800F6A500 /* SocketIOManager.swift */ = {isa = PBXFileReference; lastKnownFileType = sourcecode.swift; path = SocketIOManager.swift; sourceTree = "<group>"; };
		DE9578171FBDDBDA00F6A500 /* MotionHelper.swift */ = {isa = PBXFileReference; lastKnownFileType = sourcecode.swift; path = MotionHelper.swift; sourceTree = "<group>"; };
		DE9BA11C1FBDD19900F149D5 /* Accellero.app */ = {isa = PBXFileReference; explicitFileType = wrapper.application; includeInIndex = 0; path = Accellero.app; sourceTree = BUILT_PRODUCTS_DIR; };
		DE9BA11F1FBDD19900F149D5 /* AppDelegate.swift */ = {isa = PBXFileReference; lastKnownFileType = sourcecode.swift; path = AppDelegate.swift; sourceTree = "<group>"; };
		DE9BA1211FBDD19900F149D5 /* ViewController.swift */ = {isa = PBXFileReference; lastKnownFileType = sourcecode.swift; path = ViewController.swift; sourceTree = "<group>"; };
		DE9BA1241FBDD19900F149D5 /* Base */ = {isa = PBXFileReference; lastKnownFileType = file.storyboard; name = Base; path = Base.lproj/Main.storyboard; sourceTree = "<group>"; };
		DE9BA1291FBDD19900F149D5 /* Base */ = {isa = PBXFileReference; lastKnownFileType = file.storyboard; name = Base; path = Base.lproj/LaunchScreen.storyboard; sourceTree = "<group>"; };
		DE9BA12B1FBDD19900F149D5 /* Info.plist */ = {isa = PBXFileReference; lastKnownFileType = text.plist.xml; path = Info.plist; sourceTree = "<group>"; };
		DE9BA1301FBDD19900F149D5 /* AccelleroTests.xctest */ = {isa = PBXFileReference; explicitFileType = wrapper.cfbundle; includeInIndex = 0; path = AccelleroTests.xctest; sourceTree = BUILT_PRODUCTS_DIR; };
		DE9BA1341FBDD19900F149D5 /* AccelleroTests.swift */ = {isa = PBXFileReference; lastKnownFileType = sourcecode.swift; path = AccelleroTests.swift; sourceTree = "<group>"; };
		DE9BA1361FBDD19900F149D5 /* Info.plist */ = {isa = PBXFileReference; lastKnownFileType = text.plist.xml; path = Info.plist; sourceTree = "<group>"; };
/* End PBXFileReference section */

/* Begin PBXFrameworksBuildPhase section */
		DE9BA1191FBDD19900F149D5 /* Frameworks */ = {
			isa = PBXFrameworksBuildPhase;
			buildActionMask = 2147483647;
			files = (
				DE7835CE1FC45FED0050DC48 /* Starscream.framework in Frameworks */,
				DE7835CF1FC45FED0050DC48 /* SocketIO.framework in Frameworks */,
			);
			runOnlyForDeploymentPostprocessing = 0;
		};
		DE9BA12D1FBDD19900F149D5 /* Frameworks */ = {
			isa = PBXFrameworksBuildPhase;
			buildActionMask = 2147483647;
			files = (
			);
			runOnlyForDeploymentPostprocessing = 0;
		};
/* End PBXFrameworksBuildPhase section */

/* Begin PBXGroup section */
		DE9BA1131FBDD19900F149D5 = {
			isa = PBXGroup;
			children = (
				DE9BA11E1FBDD19900F149D5 /* Accellero */,
				DE9BA1331FBDD19900F149D5 /* AccelleroTests */,
				DE9BA11D1FBDD19900F149D5 /* Products */,
				DE9BA1551FBDD5A300F149D5 /* Frameworks */,
			);
			sourceTree = "<group>";
		};
		DE9BA11D1FBDD19900F149D5 /* Products */ = {
			isa = PBXGroup;
			children = (
				DE9BA11C1FBDD19900F149D5 /* Accellero.app */,
				DE9BA1301FBDD19900F149D5 /* AccelleroTests.xctest */,
			);
			name = Products;
			sourceTree = "<group>";
		};
		DE9BA11E1FBDD19900F149D5 /* Accellero */ = {
			isa = PBXGroup;
			children = (
				DE9BA11F1FBDD19900F149D5 /* AppDelegate.swift */,
				DE9BA1211FBDD19900F149D5 /* ViewController.swift */,
				DE9BA1231FBDD19900F149D5 /* Main.storyboard */,
				DE9BA1281FBDD19900F149D5 /* LaunchScreen.storyboard */,
				DE9BA12B1FBDD19900F149D5 /* Info.plist */,
				DE9578151FBDD81800F6A500 /* SocketIOManager.swift */,
				DE9578171FBDDBDA00F6A500 /* MotionHelper.swift */,
				DE7835DA1FC469690050DC48 /* Images.xcassets */,
			);
			path = Accellero;
			sourceTree = "<group>";
		};
		DE9BA1331FBDD19900F149D5 /* AccelleroTests */ = {
			isa = PBXGroup;
			children = (
				DE9BA1341FBDD19900F149D5 /* AccelleroTests.swift */,
				DE9BA1361FBDD19900F149D5 /* Info.plist */,
			);
			path = AccelleroTests;
			sourceTree = "<group>";
		};
		DE9BA1551FBDD5A300F149D5 /* Frameworks */ = {
			isa = PBXGroup;
			children = (
				DE7835CD1FC45FED0050DC48 /* SocketIO.framework */,
				DE7835CC1FC45FED0050DC48 /* Starscream.framework */,
			);
			name = Frameworks;
			sourceTree = "<group>";
		};
/* End PBXGroup section */

/* Begin PBXNativeTarget section */
		DE9BA11B1FBDD19900F149D5 /* Accellero */ = {
			isa = PBXNativeTarget;
			buildConfigurationList = DE9BA1391FBDD19900F149D5 /* Build configuration list for PBXNativeTarget "Accellero" */;
			buildPhases = (
				DE9BA1181FBDD19900F149D5 /* Sources */,
				DE9BA1191FBDD19900F149D5 /* Frameworks */,
				DE9BA11A1FBDD19900F149D5 /* Resources */,
			);
			buildRules = (
			);
			dependencies = (
			);
			name = Accellero;
			productName = Accellero;
			productReference = DE9BA11C1FBDD19900F149D5 /* Accellero.app */;
			productType = "com.apple.product-type.application";
		};
		DE9BA12F1FBDD19900F149D5 /* AccelleroTests */ = {
			isa = PBXNativeTarget;
			buildConfigurationList = DE9BA13C1FBDD19900F149D5 /* Build configuration list for PBXNativeTarget "AccelleroTests" */;
			buildPhases = (
				DE9BA12C1FBDD19900F149D5 /* Sources */,
				DE9BA12D1FBDD19900F149D5 /* Frameworks */,
				DE9BA12E1FBDD19900F149D5 /* Resources */,
			);
			buildRules = (
			);
			dependencies = (
				DE9BA1321FBDD19900F149D5 /* PBXTargetDependency */,
			);
			name = AccelleroTests;
			productName = AccelleroTests;
			productReference = DE9BA1301FBDD19900F149D5 /* AccelleroTests.xctest */;
			productType = "com.apple.product-type.bundle.unit-test";
		};
/* End PBXNativeTarget section */

/* Begin PBXProject section */
		DE9BA1141FBDD19900F149D5 /* Project object */ = {
			isa = PBXProject;
			attributes = {
				LastSwiftUpdateCheck = 0900;
				LastUpgradeCheck = 0900;
				ORGANIZATIONNAME = "Anthony GRIFFON";
				TargetAttributes = {
					DE9BA11B1FBDD19900F149D5 = {
						CreatedOnToolsVersion = 9.0;
						ProvisioningStyle = Automatic;
					};
					DE9BA12F1FBDD19900F149D5 = {
						CreatedOnToolsVersion = 9.0;
						ProvisioningStyle = Automatic;
						TestTargetID = DE9BA11B1FBDD19900F149D5;
					};
				};
			};
			buildConfigurationList = DE9BA1171FBDD19900F149D5 /* Build configuration list for PBXProject "Accellero" */;
			compatibilityVersion = "Xcode 8.0";
			developmentRegion = en;
			hasScannedForEncodings = 0;
			knownRegions = (
				en,
				Base,
			);
			mainGroup = DE9BA1131FBDD19900F149D5;
			productRefGroup = DE9BA11D1FBDD19900F149D5 /* Products */;
			projectDirPath = "";
			projectRoot = "";
			targets = (
				DE9BA11B1FBDD19900F149D5 /* Accellero */,
				DE9BA12F1FBDD19900F149D5 /* AccelleroTests */,
			);
		};
/* End PBXProject section */

/* Begin PBXResourcesBuildPhase section */
		DE9BA11A1FBDD19900F149D5 /* Resources */ = {
			isa = PBXResourcesBuildPhase;
			buildActionMask = 2147483647;
			files = (
				DE7835DB1FC469690050DC48 /* Images.xcassets in Resources */,
				DE9BA12A1FBDD19900F149D5 /* LaunchScreen.storyboard in Resources */,
				DE9BA1251FBDD19900F149D5 /* Main.storyboard in Resources */,
			);
			runOnlyForDeploymentPostprocessing = 0;
		};
		DE9BA12E1FBDD19900F149D5 /* Resources */ = {
			isa = PBXResourcesBuildPhase;
			buildActionMask = 2147483647;
			files = (
			);
			runOnlyForDeploymentPostprocessing = 0;
		};
/* End PBXResourcesBuildPhase section */

/* Begin PBXSourcesBuildPhase section */
		DE9BA1181FBDD19900F149D5 /* Sources */ = {
			isa = PBXSourcesBuildPhase;
			buildActionMask = 2147483647;
			files = (
				DE9BA1221FBDD19900F149D5 /* ViewController.swift in Sources */,
				DE9578161FBDD81800F6A500 /* SocketIOManager.swift in Sources */,
				DE9578181FBDDBDA00F6A500 /* MotionHelper.swift in Sources */,
				DE9BA1201FBDD19900F149D5 /* AppDelegate.swift in Sources */,
			);
			runOnlyForDeploymentPostprocessing = 0;
		};
		DE9BA12C1FBDD19900F149D5 /* Sources */ = {
			isa = PBXSourcesBuildPhase;
			buildActionMask = 2147483647;
			files = (
				DE9BA1351FBDD19900F149D5 /* AccelleroTests.swift in Sources */,
			);
			runOnlyForDeploymentPostprocessing = 0;
		};
/* End PBXSourcesBuildPhase section */

/* Begin PBXTargetDependency section */
		DE9BA1321FBDD19900F149D5 /* PBXTargetDependency */ = {
			isa = PBXTargetDependency;
			target = DE9BA11B1FBDD19900F149D5 /* Accellero */;
			targetProxy = DE9BA1311FBDD19900F149D5 /* PBXContainerItemProxy */;
		};
/* End PBXTargetDependency section */

/* Begin PBXVariantGroup section */
		DE9BA1231FBDD19900F149D5 /* Main.storyboard */ = {
			isa = PBXVariantGroup;
			children = (
				DE9BA1241FBDD19900F149D5 /* Base */,
			);
			name = Main.storyboard;
			sourceTree = "<group>";
		};
		DE9BA1281FBDD19900F149D5 /* LaunchScreen.storyboard */ = {
			isa = PBXVariantGroup;
			children = (
				DE9BA1291FBDD19900F149D5 /* Base */,
			);
			name = LaunchScreen.storyboard;
			sourceTree = "<group>";
		};
/* End PBXVariantGroup section */

/* Begin XCBuildConfiguration section */
		DE9BA1371FBDD19900F149D5 /* Debug */ = {
			isa = XCBuildConfiguration;
			buildSettings = {
				ALWAYS_SEARCH_USER_PATHS = NO;
				CLANG_ANALYZER_NONNULL = YES;
				CLANG_ANALYZER_NUMBER_OBJECT_CONVERSION = YES_AGGRESSIVE;
				CLANG_CXX_LANGUAGE_STANDARD = "gnu++14";
				CLANG_CXX_LIBRARY = "libc++";
				CLANG_ENABLE_MODULES = YES;
				CLANG_ENABLE_OBJC_ARC = YES;
				CLANG_WARN_BLOCK_CAPTURE_AUTORELEASING = YES;
				CLANG_WARN_BOOL_CONVERSION = YES;
				CLANG_WARN_COMMA = YES;
				CLANG_WARN_CONSTANT_CONVERSION = YES;
				CLANG_WARN_DIRECT_OBJC_ISA_USAGE = YES_ERROR;
				CLANG_WARN_DOCUMENTATION_COMMENTS = YES;
				CLANG_WARN_EMPTY_BODY = YES;
				CLANG_WARN_ENUM_CONVERSION = YES;
				CLANG_WARN_INFINITE_RECURSION = YES;
				CLANG_WARN_INT_CONVERSION = YES;
				CLANG_WARN_NON_LITERAL_NULL_CONVERSION = YES;
				CLANG_WARN_OBJC_LITERAL_CONVERSION = YES;
				CLANG_WARN_OBJC_ROOT_CLASS = YES_ERROR;
				CLANG_WARN_RANGE_LOOP_ANALYSIS = YES;
				CLANG_WARN_STRICT_PROTOTYPES = YES;
				CLANG_WARN_SUSPICIOUS_MOVE = YES;
				CLANG_WARN_UNGUARDED_AVAILABILITY = YES_AGGRESSIVE;
				CLANG_WARN_UNREACHABLE_CODE = YES;
				CLANG_WARN__DUPLICATE_METHOD_MATCH = YES;
				CODE_SIGN_IDENTITY = "iPhone Developer";
				COPY_PHASE_STRIP = NO;
				DEBUG_INFORMATION_FORMAT = dwarf;
				ENABLE_STRICT_OBJC_MSGSEND = YES;
				ENABLE_TESTABILITY = YES;
				GCC_C_LANGUAGE_STANDARD = gnu11;
				GCC_DYNAMIC_NO_PIC = NO;
				GCC_NO_COMMON_BLOCKS = YES;
				GCC_OPTIMIZATION_LEVEL = 0;
				GCC_PREPROCESSOR_DEFINITIONS = (
					"DEBUG=1",
					"$(inherited)",
				);
				GCC_WARN_64_TO_32_BIT_CONVERSION = YES;
				GCC_WARN_ABOUT_RETURN_TYPE = YES_ERROR;
				GCC_WARN_UNDECLARED_SELECTOR = YES;
				GCC_WARN_UNINITIALIZED_AUTOS = YES_AGGRESSIVE;
				GCC_WARN_UNUSED_FUNCTION = YES;
				GCC_WARN_UNUSED_VARIABLE = YES;
				IPHONEOS_DEPLOYMENT_TARGET = 11.0;
				MTL_ENABLE_DEBUG_INFO = YES;
				ONLY_ACTIVE_ARCH = YES;
				SDKROOT = iphoneos;
				SWIFT_ACTIVE_COMPILATION_CONDITIONS = DEBUG;
				SWIFT_OPTIMIZATION_LEVEL = "-Onone";
			};
			name = Debug;
		};
		DE9BA1381FBDD19900F149D5 /* Release */ = {
			isa = XCBuildConfiguration;
			buildSettings = {
				ALWAYS_SEARCH_USER_PATHS = NO;
				CLANG_ANALYZER_NONNULL = YES;
				CLANG_ANALYZER_NUMBER_OBJECT_CONVERSION = YES_AGGRESSIVE;
				CLANG_CXX_LANGUAGE_STANDARD = "gnu++14";
				CLANG_CXX_LIBRARY = "libc++";
				CLANG_ENABLE_MODULES = YES;
				CLANG_ENABLE_OBJC_ARC = YES;
				CLANG_WARN_BLOCK_CAPTURE_AUTORELEASING = YES;
				CLANG_WARN_BOOL_CONVERSION = YES;
				CLANG_WARN_COMMA = YES;
				CLANG_WARN_CONSTANT_CONVERSION = YES;
				CLANG_WARN_DIRECT_OBJC_ISA_USAGE = YES_ERROR;
				CLANG_WARN_DOCUMENTATION_COMMENTS = YES;
				CLANG_WARN_EMPTY_BODY = YES;
				CLANG_WARN_ENUM_CONVERSION = YES;
				CLANG_WARN_INFINITE_RECURSION = YES;
				CLANG_WARN_INT_CONVERSION = YES;
				CLANG_WARN_NON_LITERAL_NULL_CONVERSION = YES;
				CLANG_WARN_OBJC_LITERAL_CONVERSION = YES;
				CLANG_WARN_OBJC_ROOT_CLASS = YES_ERROR;
				CLANG_WARN_RANGE_LOOP_ANALYSIS = YES;
				CLANG_WARN_STRICT_PROTOTYPES = YES;
				CLANG_WARN_SUSPICIOUS_MOVE = YES;
				CLANG_WARN_UNGUARDED_AVAILABILITY = YES_AGGRESSIVE;
				CLANG_WARN_UNREACHABLE_CODE = YES;
				CLANG_WARN__DUPLICATE_METHOD_MATCH = YES;
				CODE_SIGN_IDENTITY = "iPhone Developer";
				COPY_PHASE_STRIP = NO;
				DEBUG_INFORMATION_FORMAT = "dwarf-with-dsym";
				ENABLE_NS_ASSERTIONS = NO;
				ENABLE_STRICT_OBJC_MSGSEND = YES;
				GCC_C_LANGUAGE_STANDARD = gnu11;
				GCC_NO_COMMON_BLOCKS = YES;
				GCC_WARN_64_TO_32_BIT_CONVERSION = YES;
				GCC_WARN_ABOUT_RETURN_TYPE = YES_ERROR;
				GCC_WARN_UNDECLARED_SELECTOR = YES;
				GCC_WARN_UNINITIALIZED_AUTOS = YES_AGGRESSIVE;
				GCC_WARN_UNUSED_FUNCTION = YES;
				GCC_WARN_UNUSED_VARIABLE = YES;
				IPHONEOS_DEPLOYMENT_TARGET = 11.0;
				MTL_ENABLE_DEBUG_INFO = NO;
				SDKROOT = iphoneos;
				SWIFT_OPTIMIZATION_LEVEL = "-Owholemodule";
				VALIDATE_PRODUCT = YES;
			};
			name = Release;
		};
		DE9BA13A1FBDD19900F149D5 /* Debug */ = {
			isa = XCBuildConfiguration;
			buildSettings = {
				ASSETCATALOG_COMPILER_APPICON_NAME = AppIcon;
				ASSETCATALOG_COMPILER_LAUNCHIMAGE_NAME = LaunchImage;
				CODE_SIGN_STYLE = Automatic;
				DEVELOPMENT_TEAM = Q5VXV8DFPV;
				FRAMEWORK_SEARCH_PATHS = (
					/Users/anthonygriffon/Desktop/Framework/Carthage/Build/iOS,
					"$(PROJECT_DIR)/Framework/Carthage/Build/iOS",
					/Users/anthonygriffon/Documents/DU/Accellero/Framework/Carthage/Build,
				);
				INFOPLIST_FILE = Accellero/Info.plist;
				LD_RUNPATH_SEARCH_PATHS = "$(inherited) @executable_path/Frameworks /Users/anthonygriffon/Documents/DU/Accellero/Framework/Carthage/Build/iOS/";
				PRODUCT_BUNDLE_IDENTIFIER = com.dudessiin.Accellero;
				PRODUCT_NAME = "$(TARGET_NAME)";
				SWIFT_VERSION = 4.0;
				TARGETED_DEVICE_FAMILY = "1,2";
			};
			name = Debug;
		};
		DE9BA13B1FBDD19900F149D5 /* Release */ = {
			isa = XCBuildConfiguration;
			buildSettings = {
				ASSETCATALOG_COMPILER_APPICON_NAME = AppIcon;
				ASSETCATALOG_COMPILER_LAUNCHIMAGE_NAME = LaunchImage;
				CODE_SIGN_STYLE = Automatic;
				DEVELOPMENT_TEAM = Q5VXV8DFPV;
				FRAMEWORK_SEARCH_PATHS = (
					/Users/anthonygriffon/Desktop/Framework/Carthage/Build/iOS,
					"$(PROJECT_DIR)/Framework/Carthage/Build/iOS",
					/Users/anthonygriffon/Documents/DU/Accellero/Framework/Carthage/Build,
				);
				INFOPLIST_FILE = Accellero/Info.plist;
				LD_RUNPATH_SEARCH_PATHS = "$(inherited) @executable_path/Frameworks /Users/anthonygriffon/Documents/DU/Accellero/Framework/Carthage/Build/iOS/";
				PRODUCT_BUNDLE_IDENTIFIER = com.dudessiin.Accellero;
				PRODUCT_NAME = "$(TARGET_NAME)";
				SWIFT_VERSION = 4.0;
				TARGETED_DEVICE_FAMILY = "1,2";
			};
			name = Release;
		};
		DE9BA13D1FBDD19900F149D5 /* Debug */ = {
			isa = XCBuildConfiguration;
			buildSettings = {
				ALWAYS_EMBED_SWIFT_STANDARD_LIBRARIES = YES;
				BUNDLE_LOADER = "$(TEST_HOST)";
				CODE_SIGN_STYLE = Automatic;
				DEVELOPMENT_TEAM = Q5VXV8DFPV;
				INFOPLIST_FILE = AccelleroTests/Info.plist;
				LD_RUNPATH_SEARCH_PATHS = "$(inherited) @executable_path/Frameworks @loader_path/Frameworks";
				PRODUCT_BUNDLE_IDENTIFIER = com.dudessiin.AccelleroTests;
				PRODUCT_NAME = "$(TARGET_NAME)";
				SWIFT_VERSION = 4.0;
				TARGETED_DEVICE_FAMILY = "1,2";
				TEST_HOST = "$(BUILT_PRODUCTS_DIR)/Accellero.app/Accellero";
			};
			name = Debug;
		};
		DE9BA13E1FBDD19900F149D5 /* Release */ = {
			isa = XCBuildConfiguration;
			buildSettings = {
				ALWAYS_EMBED_SWIFT_STANDARD_LIBRARIES = YES;
				BUNDLE_LOADER = "$(TEST_HOST)";
				CODE_SIGN_STYLE = Automatic;
				DEVELOPMENT_TEAM = Q5VXV8DFPV;
				INFOPLIST_FILE = AccelleroTests/Info.plist;
				LD_RUNPATH_SEARCH_PATHS = "$(inherited) @executable_path/Frameworks @loader_path/Frameworks";
				PRODUCT_BUNDLE_IDENTIFIER = com.dudessiin.AccelleroTests;
				PRODUCT_NAME = "$(TARGET_NAME)";
				SWIFT_VERSION = 4.0;
				TARGETED_DEVICE_FAMILY = "1,2";
				TEST_HOST = "$(BUILT_PRODUCTS_DIR)/Accellero.app/Accellero";
			};
			name = Release;
		};
/* End XCBuildConfiguration section */

/* Begin XCConfigurationList section */
		DE9BA1171FBDD19900F149D5 /* Build configuration list for PBXProject "Accellero" */ = {
			isa = XCConfigurationList;
			buildConfigurations = (
				DE9BA1371FBDD19900F149D5 /* Debug */,
				DE9BA1381FBDD19900F149D5 /* Release */,
			);
			defaultConfigurationIsVisible = 0;
			defaultConfigurationName = Release;
		};
		DE9BA1391FBDD19900F149D5 /* Build configuration list for PBXNativeTarget "Accellero" */ = {
			isa = XCConfigurationList;
			buildConfigurations = (
				DE9BA13A1FBDD19900F149D5 /* Debug */,
				DE9BA13B1FBDD19900F149D5 /* Release */,
			);
			defaultConfigurationIsVisible = 0;
			defaultConfigurationName = Release;
		};
		DE9BA13C1FBDD19900F149D5 /* Build configuration list for PBXNativeTarget "AccelleroTests" */ = {
			isa = XCConfigurationList;
			buildConfigurations = (
				DE9BA13D1FBDD19900F149D5 /* Debug */,
				DE9BA13E1FBDD19900F149D5 /* Release */,
			);
			defaultConfigurationIsVisible = 0;
			defaultConfigurationName = Release;
		};
/* End XCConfigurationList section */
	};
	rootObject = DE9BA1141FBDD19900F149D5 /* Project object */;
}
